<?xml version="1.0" encoding="utf-8"?>
<Project ToolsVersion="4.0" xmlns="http://schemas.microsoft.com/developer/msbuild/2003">
  <ItemGroup>
    <ClCompile Include="src\main.cpp">
      <Filter>Source</Filter>
    </ClCompile>
    <ClCompile Include="src\glad.c" />
    <ClCompile Include="src\Shader.cpp" />
    <ClCompile Include="src\Renderer.cpp" />
    <ClCompile Include="src\OpenGLObject.cpp" />
    <ClCompile Include="src\Camera.cpp" />
    <ClCompile Include="src\Light.cpp" />
  </ItemGroup>
  <ItemGroup>
    <Filter Include="Header">
      <UniqueIdentifier>{d7b8b085-203e-4180-8663-b3df29fa3dda}</UniqueIdentifier>
    </Filter>
    <Filter Include="Source">
      <UniqueIdentifier>{404b9270-4d4c-4cdd-a31c-850b630007e5}</UniqueIdentifier>
    </Filter>
  </ItemGroup>
  <ItemGroup>
    <None Include="resources\shaders\shader.frag" />
    <None Include="resources\shaders\shader.vert" />
    <None Include="resources\shaders\lighting.frag" />
  </ItemGroup>
  <ItemGroup>
    <ClInclude Include="include\Shader.h" />
    <ClInclude Include="include\Renderer.h" />
    <ClInclude Include="include\Camera.h" />
    <ClInclude Include="include\OpenGLObject.h" />
    <ClInclude Include="include\Light.h" />
  </ItemGroup>
</Project>